Microsoft Visual Studio Solution File, Format Version 11.00
# Visual Studio 2008

Project("{6A79A563-0C94-E097-5203-65217EA74CF0}") = "p001", "Assembly-CSharp.csproj", "{1C4E4CE8-A287-FF6F-D9C5-CB4E00102F60}"
EndProject
Global
	GlobalSection(SolutionConfigurationPlatforms) = preSolution
		Debug|Any CPU = Debug|Any CPU
		Release|Any CPU = Release|Any CPU
	EndGlobalSection
	GlobalSection(ProjectConfigurationPlatforms) = postSolution
		{1C4E4CE8-A287-FF6F-D9C5-CB4E00102F60}.Debug|Any CPU.ActiveCfg = Debug|Any CPU
		{1C4E4CE8-A287-FF6F-D9C5-CB4E00102F60}.Debug|Any CPU.Build.0 = Debug|Any CPU
		{1C4E4CE8-A287-FF6F-D9C5-CB4E00102F60}.Release|Any CPU.ActiveCfg = Release|Any CPU
		{1C4E4CE8-A287-FF6F-D9C5-CB4E00102F60}.Release|Any CPU.Build.0 = Release|Any CPU
	EndGlobalSection
	GlobalSection(SolutionProperties) = preSolution
		HideSolutionNode = FALSE
	EndGlobalSection
	GlobalSection(MonoDevelopProperties) = preSolution
		StartupItem = Assembly-CSharp.csproj
	EndGlobalSection
EndGlobal
